
Microsoft Visual Studio Solution File, Format Version 12.00
# Visual Studio Version 17
VisualStudioVersion = 17.2.32616.157
MinimumVisualStudioVersion = 10.0.40219.1
Project("{FAE04EC0-301F-11D3-BF4B-00C04F79EFBC}") = "ElectricBillProject", "ElectricBillProject\ElectricBillProject.csproj", "{3C541F8D-D89A-4DD4-8E9A-0C35133C94CC}"
EndProject
Global
	GlobalSection(SolutionConfigurationPlatforms) = preSolution
		Debug|Any CPU = Debug|Any CPU
		Release|Any CPU = Release|Any CPU
	EndGlobalSection
	GlobalSection(ProjectConfigurationPlatforms) = postSolution
		{3C541F8D-D89A-4DD4-8E9A-0C35133C94CC}.Debug|Any CPU.ActiveCfg = Debug|Any CPU
		{3C541F8D-D89A-4DD4-8E9A-0C35133C94CC}.Debug|Any CPU.Build.0 = Debug|Any CPU
		{3C541F8D-D89A-4DD4-8E9A-0C35133C94CC}.Release|Any CPU.ActiveCfg = Release|Any CPU
		{3C541F8D-D89A-4DD4-8E9A-0C35133C94CC}.Release|Any CPU.Build.0 = Release|Any CPU
	EndGlobalSection
	GlobalSection(SolutionProperties) = preSolution
		HideSolutionNode = FALSE
	EndGlobalSection
	GlobalSection(ExtensibilityGlobals) = postSolution
		SolutionGuid = {642D99D8-BD47-44AA-9F8E-4004951CEC2A}
	EndGlobalSection
EndGlobal
